
Microsoft Visual Studio Solution File, Format Version 12.00
# Visual Studio Version 17
VisualStudioVersion = 17.2.32505.173
MinimumVisualStudioVersion = 10.0.40219.1
Project("{9A19103F-16F7-4668-BE54-9A1E7A4F7556}") = "backendAppNet", "backendAppNet\backendAppNet.csproj", "{A9C46FD3-0300-4C84-A345-96A591E7978B}"
EndProject
Project("{FAE04EC0-301F-11D3-BF4B-00C04F79EFBC}") = "LinqSnippets", "LinqSnippets\LinqSnippets.csproj", "{89077366-400C-4692-972A-3F4103B91B96}"
EndProject
Global
	GlobalSection(SolutionConfigurationPlatforms) = preSolution
		Debug|Any CPU = Debug|Any CPU
		Release|Any CPU = Release|Any CPU
	EndGlobalSection
	GlobalSection(ProjectConfigurationPlatforms) = postSolution
		{A9C46FD3-0300-4C84-A345-96A591E7978B}.Debug|Any CPU.ActiveCfg = Debug|Any CPU
		{A9C46FD3-0300-4C84-A345-96A591E7978B}.Debug|Any CPU.Build.0 = Debug|Any CPU
		{A9C46FD3-0300-4C84-A345-96A591E7978B}.Release|Any CPU.ActiveCfg = Release|Any CPU
		{A9C46FD3-0300-4C84-A345-96A591E7978B}.Release|Any CPU.Build.0 = Release|Any CPU
		{89077366-400C-4692-972A-3F4103B91B96}.Debug|Any CPU.ActiveCfg = Debug|Any CPU
		{89077366-400C-4692-972A-3F4103B91B96}.Debug|Any CPU.Build.0 = Debug|Any CPU
		{89077366-400C-4692-972A-3F4103B91B96}.Release|Any CPU.ActiveCfg = Release|Any CPU
		{89077366-400C-4692-972A-3F4103B91B96}.Release|Any CPU.Build.0 = Release|Any CPU
	EndGlobalSection
	GlobalSection(SolutionProperties) = preSolution
		HideSolutionNode = FALSE
	EndGlobalSection
	GlobalSection(ExtensibilityGlobals) = postSolution
		SolutionGuid = {863D1459-6610-45B1-B76F-B2E2B56F663E}
	EndGlobalSection
EndGlobal
